
Microsoft Visual Studio Solution File, Format Version 12.00
# Visual Studio 15
VisualStudioVersion = 15.0.28307.421
MinimumVisualStudioVersion = 10.0.40219.1
Project("{FAE04EC0-301F-11D3-BF4B-00C04F79EFBC}") = "ClassWork_1", "ClassWork_1\ClassWork_1.csproj", "{82FDE5AB-C92D-4A6D-95F5-39848A421A2E}"
EndProject
Project("{FAE04EC0-301F-11D3-BF4B-00C04F79EFBC}") = "ClassWork_2", "ClassWork_2\ClassWork_2.csproj", "{D50A0AAF-DDDA-4601-B6A2-5F1122A4A42B}"
EndProject
Project("{FAE04EC0-301F-11D3-BF4B-00C04F79EFBC}") = "ClassWork_3", "ClassWork_3\ClassWork_3.csproj", "{01723B27-DA12-4282-96BE-B6A3D14461AE}"
EndProject
Project("{FAE04EC0-301F-11D3-BF4B-00C04F79EFBC}") = "ClassWork_4", "ClassWork_4\ClassWork_4.csproj", "{B4E45781-7D43-4E8A-9484-F2CA99F92443}"
EndProject
Project("{FAE04EC0-301F-11D3-BF4B-00C04F79EFBC}") = "ClassWork_5", "ClassWork_5\ClassWork_5.csproj", "{6B60A61A-505A-4548-9029-64E1FD54B020}"
EndProject
Global
	GlobalSection(SolutionConfigurationPlatforms) = preSolution
		Debug|Any CPU = Debug|Any CPU
		Release|Any CPU = Release|Any CPU
	EndGlobalSection
	GlobalSection(ProjectConfigurationPlatforms) = postSolution
		{82FDE5AB-C92D-4A6D-95F5-39848A421A2E}.Debug|Any CPU.ActiveCfg = Debug|Any CPU
		{82FDE5AB-C92D-4A6D-95F5-39848A421A2E}.Debug|Any CPU.Build.0 = Debug|Any CPU
		{82FDE5AB-C92D-4A6D-95F5-39848A421A2E}.Release|Any CPU.ActiveCfg = Release|Any CPU
		{82FDE5AB-C92D-4A6D-95F5-39848A421A2E}.Release|Any CPU.Build.0 = Release|Any CPU
		{D50A0AAF-DDDA-4601-B6A2-5F1122A4A42B}.Debug|Any CPU.ActiveCfg = Debug|Any CPU
		{D50A0AAF-DDDA-4601-B6A2-5F1122A4A42B}.Debug|Any CPU.Build.0 = Debug|Any CPU
		{D50A0AAF-DDDA-4601-B6A2-5F1122A4A42B}.Release|Any CPU.ActiveCfg = Release|Any CPU
		{D50A0AAF-DDDA-4601-B6A2-5F1122A4A42B}.Release|Any CPU.Build.0 = Release|Any CPU
		{01723B27-DA12-4282-96BE-B6A3D14461AE}.Debug|Any CPU.ActiveCfg = Debug|Any CPU
		{01723B27-DA12-4282-96BE-B6A3D14461AE}.Debug|Any CPU.Build.0 = Debug|Any CPU
		{01723B27-DA12-4282-96BE-B6A3D14461AE}.Release|Any CPU.ActiveCfg = Release|Any CPU
		{01723B27-DA12-4282-96BE-B6A3D14461AE}.Release|Any CPU.Build.0 = Release|Any CPU
		{B4E45781-7D43-4E8A-9484-F2CA99F92443}.Debug|Any CPU.ActiveCfg = Debug|Any CPU
		{B4E45781-7D43-4E8A-9484-F2CA99F92443}.Debug|Any CPU.Build.0 = Debug|Any CPU
		{B4E45781-7D43-4E8A-9484-F2CA99F92443}.Release|Any CPU.ActiveCfg = Release|Any CPU
		{B4E45781-7D43-4E8A-9484-F2CA99F92443}.Release|Any CPU.Build.0 = Release|Any CPU
		{6B60A61A-505A-4548-9029-64E1FD54B020}.Debug|Any CPU.ActiveCfg = Debug|Any CPU
		{6B60A61A-505A-4548-9029-64E1FD54B020}.Debug|Any CPU.Build.0 = Debug|Any CPU
		{6B60A61A-505A-4548-9029-64E1FD54B020}.Release|Any CPU.ActiveCfg = Release|Any CPU
		{6B60A61A-505A-4548-9029-64E1FD54B020}.Release|Any CPU.Build.0 = Release|Any CPU
	EndGlobalSection
	GlobalSection(SolutionProperties) = preSolution
		HideSolutionNode = FALSE
	EndGlobalSection
	GlobalSection(ExtensibilityGlobals) = postSolution
		SolutionGuid = {A932DE2C-05E6-49A1-8417-287ADF898B71}
	EndGlobalSection
EndGlobal
