
Microsoft Visual Studio Solution File, Format Version 12.00
# Visual Studio 15
VisualStudioVersion = 15.0.28307.421
MinimumVisualStudioVersion = 10.0.40219.1
Project("{FAE04EC0-301F-11D3-BF4B-00C04F79EFBC}") = "ClassWork_1", "ClassWork_1\ClassWork_1.csproj", "{87508939-51B1-46EC-9554-DCC4F0C88209}"
EndProject
Project("{FAE04EC0-301F-11D3-BF4B-00C04F79EFBC}") = "ClassWork_2", "ClassWork_2\ClassWork_2.csproj", "{833F4A2A-7836-4387-A000-1181B7D66344}"
EndProject
Project("{FAE04EC0-301F-11D3-BF4B-00C04F79EFBC}") = "ClassWork_3", "ClassWork_3\ClassWork_3.csproj", "{40BB83B3-8BB0-407D-8852-11E66E7184C6}"
EndProject
Project("{FAE04EC0-301F-11D3-BF4B-00C04F79EFBC}") = "ClassWork_4", "ClassWork_4\ClassWork_4.csproj", "{74489BB8-C3C4-4A03-B7FF-CF3B39775E4E}"
EndProject
Project("{FAE04EC0-301F-11D3-BF4B-00C04F79EFBC}") = "ClassWork_5", "ClassWork_5\ClassWork_5.csproj", "{EFA22E3B-54BC-4D24-B4BA-736513A7F617}"
EndProject
Global
	GlobalSection(SolutionConfigurationPlatforms) = preSolution
		Debug|Any CPU = Debug|Any CPU
		Release|Any CPU = Release|Any CPU
	EndGlobalSection
	GlobalSection(ProjectConfigurationPlatforms) = postSolution
		{87508939-51B1-46EC-9554-DCC4F0C88209}.Debug|Any CPU.ActiveCfg = Debug|Any CPU
		{87508939-51B1-46EC-9554-DCC4F0C88209}.Debug|Any CPU.Build.0 = Debug|Any CPU
		{87508939-51B1-46EC-9554-DCC4F0C88209}.Release|Any CPU.ActiveCfg = Release|Any CPU
		{87508939-51B1-46EC-9554-DCC4F0C88209}.Release|Any CPU.Build.0 = Release|Any CPU
		{833F4A2A-7836-4387-A000-1181B7D66344}.Debug|Any CPU.ActiveCfg = Debug|Any CPU
		{833F4A2A-7836-4387-A000-1181B7D66344}.Debug|Any CPU.Build.0 = Debug|Any CPU
		{833F4A2A-7836-4387-A000-1181B7D66344}.Release|Any CPU.ActiveCfg = Release|Any CPU
		{833F4A2A-7836-4387-A000-1181B7D66344}.Release|Any CPU.Build.0 = Release|Any CPU
		{40BB83B3-8BB0-407D-8852-11E66E7184C6}.Debug|Any CPU.ActiveCfg = Debug|Any CPU
		{40BB83B3-8BB0-407D-8852-11E66E7184C6}.Debug|Any CPU.Build.0 = Debug|Any CPU
		{40BB83B3-8BB0-407D-8852-11E66E7184C6}.Release|Any CPU.ActiveCfg = Release|Any CPU
		{40BB83B3-8BB0-407D-8852-11E66E7184C6}.Release|Any CPU.Build.0 = Release|Any CPU
		{74489BB8-C3C4-4A03-B7FF-CF3B39775E4E}.Debug|Any CPU.ActiveCfg = Debug|Any CPU
		{74489BB8-C3C4-4A03-B7FF-CF3B39775E4E}.Debug|Any CPU.Build.0 = Debug|Any CPU
		{74489BB8-C3C4-4A03-B7FF-CF3B39775E4E}.Release|Any CPU.ActiveCfg = Release|Any CPU
		{74489BB8-C3C4-4A03-B7FF-CF3B39775E4E}.Release|Any CPU.Build.0 = Release|Any CPU
		{EFA22E3B-54BC-4D24-B4BA-736513A7F617}.Debug|Any CPU.ActiveCfg = Debug|Any CPU
		{EFA22E3B-54BC-4D24-B4BA-736513A7F617}.Debug|Any CPU.Build.0 = Debug|Any CPU
		{EFA22E3B-54BC-4D24-B4BA-736513A7F617}.Release|Any CPU.ActiveCfg = Release|Any CPU
		{EFA22E3B-54BC-4D24-B4BA-736513A7F617}.Release|Any CPU.Build.0 = Release|Any CPU
	EndGlobalSection
	GlobalSection(SolutionProperties) = preSolution
		HideSolutionNode = FALSE
	EndGlobalSection
	GlobalSection(ExtensibilityGlobals) = postSolution
		SolutionGuid = {328B270F-633C-4FBA-9611-0FEF720B0EEA}
	EndGlobalSection
EndGlobal
