
Microsoft Visual Studio Solution File, Format Version 12.00
# Visual Studio 15
VisualStudioVersion = 15.0.28307.421
MinimumVisualStudioVersion = 10.0.40219.1
Project("{FAE04EC0-301F-11D3-BF4B-00C04F79EFBC}") = "ClassWork_1", "ClassWork_1\ClassWork_1.csproj", "{0F28325C-98F2-405C-B12C-142658A6D931}"
EndProject
Project("{FAE04EC0-301F-11D3-BF4B-00C04F79EFBC}") = "CalculatorTest", "CalculatorTest\CalculatorTest.csproj", "{15AE4FA9-2AF1-4707-A56E-53EDCE480E0C}"
EndProject
Global
	GlobalSection(SolutionConfigurationPlatforms) = preSolution
		Debug|Any CPU = Debug|Any CPU
		Release|Any CPU = Release|Any CPU
	EndGlobalSection
	GlobalSection(ProjectConfigurationPlatforms) = postSolution
		{0F28325C-98F2-405C-B12C-142658A6D931}.Debug|Any CPU.ActiveCfg = Debug|Any CPU
		{0F28325C-98F2-405C-B12C-142658A6D931}.Debug|Any CPU.Build.0 = Debug|Any CPU
		{0F28325C-98F2-405C-B12C-142658A6D931}.Release|Any CPU.ActiveCfg = Release|Any CPU
		{0F28325C-98F2-405C-B12C-142658A6D931}.Release|Any CPU.Build.0 = Release|Any CPU
		{15AE4FA9-2AF1-4707-A56E-53EDCE480E0C}.Debug|Any CPU.ActiveCfg = Debug|Any CPU
		{15AE4FA9-2AF1-4707-A56E-53EDCE480E0C}.Debug|Any CPU.Build.0 = Debug|Any CPU
		{15AE4FA9-2AF1-4707-A56E-53EDCE480E0C}.Release|Any CPU.ActiveCfg = Release|Any CPU
		{15AE4FA9-2AF1-4707-A56E-53EDCE480E0C}.Release|Any CPU.Build.0 = Release|Any CPU
	EndGlobalSection
	GlobalSection(SolutionProperties) = preSolution
		HideSolutionNode = FALSE
	EndGlobalSection
	GlobalSection(ExtensibilityGlobals) = postSolution
		SolutionGuid = {110B6AED-44A4-48B7-B396-0E4D7E567AC7}
	EndGlobalSection
EndGlobal
