
Microsoft Visual Studio Solution File, Format Version 12.00
# Visual Studio 15
VisualStudioVersion = 15.0.28307.421
MinimumVisualStudioVersion = 10.0.40219.1
Project("{FAE04EC0-301F-11D3-BF4B-00C04F79EFBC}") = "ClassWork_1", "ClassWork_1\ClassWork_1.csproj", "{712C6176-FD7D-411C-8FA9-20573FB02221}"
EndProject
Global
	GlobalSection(SolutionConfigurationPlatforms) = preSolution
		Debug|Any CPU = Debug|Any CPU
		Release|Any CPU = Release|Any CPU
	EndGlobalSection
	GlobalSection(ProjectConfigurationPlatforms) = postSolution
		{712C6176-FD7D-411C-8FA9-20573FB02221}.Debug|Any CPU.ActiveCfg = Debug|Any CPU
		{712C6176-FD7D-411C-8FA9-20573FB02221}.Debug|Any CPU.Build.0 = Debug|Any CPU
		{712C6176-FD7D-411C-8FA9-20573FB02221}.Release|Any CPU.ActiveCfg = Release|Any CPU
		{712C6176-FD7D-411C-8FA9-20573FB02221}.Release|Any CPU.Build.0 = Release|Any CPU
	EndGlobalSection
	GlobalSection(SolutionProperties) = preSolution
		HideSolutionNode = FALSE
	EndGlobalSection
	GlobalSection(ExtensibilityGlobals) = postSolution
		SolutionGuid = {73CDD5CA-39F3-40E5-946E-C951C8CDED39}
	EndGlobalSection
EndGlobal
