
Microsoft Visual Studio Solution File, Format Version 12.00
# Visual Studio 15
VisualStudioVersion = 15.0.28307.421
MinimumVisualStudioVersion = 10.0.40219.1
Project("{FAE04EC0-301F-11D3-BF4B-00C04F79EFBC}") = "ClassWork_1", "ClassWork_1\ClassWork_1.csproj", "{28BEA551-6A4B-45CD-BFA0-232A6655A266}"
EndProject
Project("{FAE04EC0-301F-11D3-BF4B-00C04F79EFBC}") = "ClassWork_2", "ClassWork_2\ClassWork_2.csproj", "{630830E5-CA05-4E22-B661-DAC6441B6474}"
EndProject
Project("{FAE04EC0-301F-11D3-BF4B-00C04F79EFBC}") = "ClassWork_3", "ClassWork_3\ClassWork_3.csproj", "{EABC664E-6A57-4CBB-B801-4DE810BE0033}"
EndProject
Project("{FAE04EC0-301F-11D3-BF4B-00C04F79EFBC}") = "ClassWork_4", "ClassWork_4\ClassWork_4.csproj", "{BF6F4C3F-363E-46DA-8BB2-C6E10A1BC5C6}"
EndProject
Global
	GlobalSection(SolutionConfigurationPlatforms) = preSolution
		Debug|Any CPU = Debug|Any CPU
		Release|Any CPU = Release|Any CPU
	EndGlobalSection
	GlobalSection(ProjectConfigurationPlatforms) = postSolution
		{28BEA551-6A4B-45CD-BFA0-232A6655A266}.Debug|Any CPU.ActiveCfg = Debug|Any CPU
		{28BEA551-6A4B-45CD-BFA0-232A6655A266}.Debug|Any CPU.Build.0 = Debug|Any CPU
		{28BEA551-6A4B-45CD-BFA0-232A6655A266}.Release|Any CPU.ActiveCfg = Release|Any CPU
		{28BEA551-6A4B-45CD-BFA0-232A6655A266}.Release|Any CPU.Build.0 = Release|Any CPU
		{630830E5-CA05-4E22-B661-DAC6441B6474}.Debug|Any CPU.ActiveCfg = Debug|Any CPU
		{630830E5-CA05-4E22-B661-DAC6441B6474}.Debug|Any CPU.Build.0 = Debug|Any CPU
		{630830E5-CA05-4E22-B661-DAC6441B6474}.Release|Any CPU.ActiveCfg = Release|Any CPU
		{630830E5-CA05-4E22-B661-DAC6441B6474}.Release|Any CPU.Build.0 = Release|Any CPU
		{EABC664E-6A57-4CBB-B801-4DE810BE0033}.Debug|Any CPU.ActiveCfg = Debug|Any CPU
		{EABC664E-6A57-4CBB-B801-4DE810BE0033}.Debug|Any CPU.Build.0 = Debug|Any CPU
		{EABC664E-6A57-4CBB-B801-4DE810BE0033}.Release|Any CPU.ActiveCfg = Release|Any CPU
		{EABC664E-6A57-4CBB-B801-4DE810BE0033}.Release|Any CPU.Build.0 = Release|Any CPU
		{BF6F4C3F-363E-46DA-8BB2-C6E10A1BC5C6}.Debug|Any CPU.ActiveCfg = Debug|Any CPU
		{BF6F4C3F-363E-46DA-8BB2-C6E10A1BC5C6}.Debug|Any CPU.Build.0 = Debug|Any CPU
		{BF6F4C3F-363E-46DA-8BB2-C6E10A1BC5C6}.Release|Any CPU.ActiveCfg = Release|Any CPU
		{BF6F4C3F-363E-46DA-8BB2-C6E10A1BC5C6}.Release|Any CPU.Build.0 = Release|Any CPU
	EndGlobalSection
	GlobalSection(SolutionProperties) = preSolution
		HideSolutionNode = FALSE
	EndGlobalSection
	GlobalSection(ExtensibilityGlobals) = postSolution
		SolutionGuid = {44A70EC3-5873-4218-B008-E9275FF0C509}
	EndGlobalSection
EndGlobal
