
Microsoft Visual Studio Solution File, Format Version 12.00
# Visual Studio 15
VisualStudioVersion = 15.0.28307.421
MinimumVisualStudioVersion = 10.0.40219.1
Project("{FAE04EC0-301F-11D3-BF4B-00C04F79EFBC}") = "ClassWork", "ClassWork\ClassWork.csproj", "{A88A1CAD-5148-476E-B653-DE3D5CF5C0A2}"
EndProject
Project("{FAE04EC0-301F-11D3-BF4B-00C04F79EFBC}") = "ClassWork_2", "ClassWork_2\ClassWork_2.csproj", "{55700514-2893-46BA-9510-85DFD1BBE60E}"
EndProject
Project("{FAE04EC0-301F-11D3-BF4B-00C04F79EFBC}") = "ClassWork_3", "ClassWork_3\ClassWork_3.csproj", "{0AD185DC-2D83-4DD7-B5B4-FC937F986D40}"
EndProject
Project("{FAE04EC0-301F-11D3-BF4B-00C04F79EFBC}") = "ClassWork_4", "ClassWork_4\ClassWork_4.csproj", "{7E3BB077-95EC-4607-873A-E044285BA616}"
EndProject
Global
	GlobalSection(SolutionConfigurationPlatforms) = preSolution
		Debug|Any CPU = Debug|Any CPU
		Release|Any CPU = Release|Any CPU
	EndGlobalSection
	GlobalSection(ProjectConfigurationPlatforms) = postSolution
		{A88A1CAD-5148-476E-B653-DE3D5CF5C0A2}.Debug|Any CPU.ActiveCfg = Debug|Any CPU
		{A88A1CAD-5148-476E-B653-DE3D5CF5C0A2}.Debug|Any CPU.Build.0 = Debug|Any CPU
		{A88A1CAD-5148-476E-B653-DE3D5CF5C0A2}.Release|Any CPU.ActiveCfg = Release|Any CPU
		{A88A1CAD-5148-476E-B653-DE3D5CF5C0A2}.Release|Any CPU.Build.0 = Release|Any CPU
		{55700514-2893-46BA-9510-85DFD1BBE60E}.Debug|Any CPU.ActiveCfg = Debug|Any CPU
		{55700514-2893-46BA-9510-85DFD1BBE60E}.Debug|Any CPU.Build.0 = Debug|Any CPU
		{55700514-2893-46BA-9510-85DFD1BBE60E}.Release|Any CPU.ActiveCfg = Release|Any CPU
		{55700514-2893-46BA-9510-85DFD1BBE60E}.Release|Any CPU.Build.0 = Release|Any CPU
		{0AD185DC-2D83-4DD7-B5B4-FC937F986D40}.Debug|Any CPU.ActiveCfg = Debug|Any CPU
		{0AD185DC-2D83-4DD7-B5B4-FC937F986D40}.Debug|Any CPU.Build.0 = Debug|Any CPU
		{0AD185DC-2D83-4DD7-B5B4-FC937F986D40}.Release|Any CPU.ActiveCfg = Release|Any CPU
		{0AD185DC-2D83-4DD7-B5B4-FC937F986D40}.Release|Any CPU.Build.0 = Release|Any CPU
		{7E3BB077-95EC-4607-873A-E044285BA616}.Debug|Any CPU.ActiveCfg = Debug|Any CPU
		{7E3BB077-95EC-4607-873A-E044285BA616}.Debug|Any CPU.Build.0 = Debug|Any CPU
		{7E3BB077-95EC-4607-873A-E044285BA616}.Release|Any CPU.ActiveCfg = Release|Any CPU
		{7E3BB077-95EC-4607-873A-E044285BA616}.Release|Any CPU.Build.0 = Release|Any CPU
	EndGlobalSection
	GlobalSection(SolutionProperties) = preSolution
		HideSolutionNode = FALSE
	EndGlobalSection
	GlobalSection(ExtensibilityGlobals) = postSolution
		SolutionGuid = {E1440BE4-5C6C-41AA-83B5-631627DCC627}
	EndGlobalSection
EndGlobal
