
Microsoft Visual Studio Solution File, Format Version 12.00
# Visual Studio 15
VisualStudioVersion = 15.0.28307.421
MinimumVisualStudioVersion = 10.0.40219.1
Project("{FAE04EC0-301F-11D3-BF4B-00C04F79EFBC}") = "TestWork_1", "TestWork_1\TestWork_1.csproj", "{AEFC9607-F54D-4A3A-BC5C-EA6C3F766787}"
EndProject
Global
	GlobalSection(SolutionConfigurationPlatforms) = preSolution
		Debug|Any CPU = Debug|Any CPU
		Release|Any CPU = Release|Any CPU
	EndGlobalSection
	GlobalSection(ProjectConfigurationPlatforms) = postSolution
		{AEFC9607-F54D-4A3A-BC5C-EA6C3F766787}.Debug|Any CPU.ActiveCfg = Debug|Any CPU
		{AEFC9607-F54D-4A3A-BC5C-EA6C3F766787}.Debug|Any CPU.Build.0 = Debug|Any CPU
		{AEFC9607-F54D-4A3A-BC5C-EA6C3F766787}.Release|Any CPU.ActiveCfg = Release|Any CPU
		{AEFC9607-F54D-4A3A-BC5C-EA6C3F766787}.Release|Any CPU.Build.0 = Release|Any CPU
	EndGlobalSection
	GlobalSection(SolutionProperties) = preSolution
		HideSolutionNode = FALSE
	EndGlobalSection
	GlobalSection(ExtensibilityGlobals) = postSolution
		SolutionGuid = {88268C72-2EA6-42FE-B0C8-9D86BFF62A65}
	EndGlobalSection
EndGlobal
