
Microsoft Visual Studio Solution File, Format Version 12.00
# Visual Studio 15
VisualStudioVersion = 15.0.28307.421
MinimumVisualStudioVersion = 10.0.40219.1
Project("{FAE04EC0-301F-11D3-BF4B-00C04F79EFBC}") = "Core 1", "Core 1\Core 1.csproj", "{025D66E8-7210-43A2-B2BC-AF05B1878AAB}"
EndProject
Global
	GlobalSection(SolutionConfigurationPlatforms) = preSolution
		Debug|Any CPU = Debug|Any CPU
		Release|Any CPU = Release|Any CPU
	EndGlobalSection
	GlobalSection(ProjectConfigurationPlatforms) = postSolution
		{025D66E8-7210-43A2-B2BC-AF05B1878AAB}.Debug|Any CPU.ActiveCfg = Debug|Any CPU
		{025D66E8-7210-43A2-B2BC-AF05B1878AAB}.Debug|Any CPU.Build.0 = Debug|Any CPU
		{025D66E8-7210-43A2-B2BC-AF05B1878AAB}.Release|Any CPU.ActiveCfg = Release|Any CPU
		{025D66E8-7210-43A2-B2BC-AF05B1878AAB}.Release|Any CPU.Build.0 = Release|Any CPU
	EndGlobalSection
	GlobalSection(SolutionProperties) = preSolution
		HideSolutionNode = FALSE
	EndGlobalSection
	GlobalSection(ExtensibilityGlobals) = postSolution
		SolutionGuid = {F01F0DE6-0083-4625-B631-5C6F2C905764}
	EndGlobalSection
EndGlobal
