
Microsoft Visual Studio Solution File, Format Version 12.00
# Visual Studio 15
VisualStudioVersion = 15.0.28307.421
MinimumVisualStudioVersion = 10.0.40219.1
Project("{FAE04EC0-301F-11D3-BF4B-00C04F79EFBC}") = "ClassWork_1", "ClassWork_1\ClassWork_1.csproj", "{08180F93-46BC-4466-B352-B1CD51C5BDD5}"
EndProject
Global
	GlobalSection(SolutionConfigurationPlatforms) = preSolution
		Debug|Any CPU = Debug|Any CPU
		Release|Any CPU = Release|Any CPU
	EndGlobalSection
	GlobalSection(ProjectConfigurationPlatforms) = postSolution
		{08180F93-46BC-4466-B352-B1CD51C5BDD5}.Debug|Any CPU.ActiveCfg = Debug|Any CPU
		{08180F93-46BC-4466-B352-B1CD51C5BDD5}.Debug|Any CPU.Build.0 = Debug|Any CPU
		{08180F93-46BC-4466-B352-B1CD51C5BDD5}.Release|Any CPU.ActiveCfg = Release|Any CPU
		{08180F93-46BC-4466-B352-B1CD51C5BDD5}.Release|Any CPU.Build.0 = Release|Any CPU
	EndGlobalSection
	GlobalSection(SolutionProperties) = preSolution
		HideSolutionNode = FALSE
	EndGlobalSection
	GlobalSection(ExtensibilityGlobals) = postSolution
		SolutionGuid = {3FCA6275-B03D-42FF-B8C1-B676F0194CC4}
	EndGlobalSection
EndGlobal
